
Microsoft Visual Studio Solution File, Format Version 12.00
# Visual Studio Version 16
VisualStudioVersion = 16.0.30413.136
MinimumVisualStudioVersion = 10.0.40219.1
Project("{FAE04EC0-301F-11D3-BF4B-00C04F79EFBC}") = "Garuda Launcher", "Garuda Launcher\Garuda Launcher.csproj", "{790D6AC8-D6FF-4FD4-83E6-DA96F93076B4}"
EndProject
Global
	GlobalSection(SolutionConfigurationPlatforms) = preSolution
		Debug|Any CPU = Debug|Any CPU
		Release|Any CPU = Release|Any CPU
	EndGlobalSection
	GlobalSection(ProjectConfigurationPlatforms) = postSolution
		{790D6AC8-D6FF-4FD4-83E6-DA96F93076B4}.Debug|Any CPU.ActiveCfg = Debug|Any CPU
		{790D6AC8-D6FF-4FD4-83E6-DA96F93076B4}.Debug|Any CPU.Build.0 = Debug|Any CPU
		{790D6AC8-D6FF-4FD4-83E6-DA96F93076B4}.Release|Any CPU.ActiveCfg = Release|Any CPU
		{790D6AC8-D6FF-4FD4-83E6-DA96F93076B4}.Release|Any CPU.Build.0 = Release|Any CPU
	EndGlobalSection
	GlobalSection(SolutionProperties) = preSolution
		HideSolutionNode = FALSE
	EndGlobalSection
	GlobalSection(ExtensibilityGlobals) = postSolution
		SolutionGuid = {2798EB01-E624-449B-B1E2-A1E5C204099D}
	EndGlobalSection
EndGlobal
